{
  "version": 4,
  "terraform_version": "1.10.3",
  "serial": 5,
  "lineage": "2a6b4790-885a-9710-e471-f0c438f45c42",
  "outputs": {
    "resource_group_location": {
      "value": "centralindia",
      "type": "string"
    },
    "resource_group_name": {
      "value": "rg-guestsense",
      "type": "string"
    }
  },
  "resources": [
    {
      "mode": "managed",
      "type": "azurerm_resource_group",
      "name": "example",
      "provider": "provider[\"registry.terraform.io/hashicorp/azurerm\"]",
      "instances": [
        {
          "schema_version": 0,
          "attributes": {
            "id": "/subscriptions/9c4e83fe-a7fb-4eff-aa48-316ab882d0dd/resourceGroups/rg-guestsense",
            "location": "centralindia",
            "managed_by": "",
            "name": "rg-guestsense",
            "tags": null,
            "timeouts": null
          },
          "sensitive_attributes": [],
          "private": "eyJlMmJmYjczMC1lY2FhLTExZTYtOGY4OC0zNDM2M2JjN2M0YzAiOnsiY3JlYXRlIjo1NDAwMDAwMDAwMDAwLCJkZWxldGUiOjU0MDAwMDAwMDAwMDAsInJlYWQiOjMwMDAwMDAwMDAwMCwidXBkYXRlIjo1NDAwMDAwMDAwMDAwfX0="
        }
      ]
    }
  ],
  "check_results": null
}
